
Microsoft Visual Studio Solution File, Format Version 12.00
# Visual Studio Version 17
VisualStudioVersion = 17.0.32112.339
MinimumVisualStudioVersion = 10.0.40219.1
Project("{FAE04EC0-301F-11D3-BF4B-00C04F79EFBC}") = "primera api", "primera api\primera api.csproj", "{EDAB6DA7-6C1F-4615-9A00-346AA930D466}"
EndProject
Global
	GlobalSection(SolutionConfigurationPlatforms) = preSolution
		Debug|Any CPU = Debug|Any CPU
		Release|Any CPU = Release|Any CPU
	EndGlobalSection
	GlobalSection(ProjectConfigurationPlatforms) = postSolution
		{EDAB6DA7-6C1F-4615-9A00-346AA930D466}.Debug|Any CPU.ActiveCfg = Debug|Any CPU
		{EDAB6DA7-6C1F-4615-9A00-346AA930D466}.Debug|Any CPU.Build.0 = Debug|Any CPU
		{EDAB6DA7-6C1F-4615-9A00-346AA930D466}.Release|Any CPU.ActiveCfg = Release|Any CPU
		{EDAB6DA7-6C1F-4615-9A00-346AA930D466}.Release|Any CPU.Build.0 = Release|Any CPU
	EndGlobalSection
	GlobalSection(SolutionProperties) = preSolution
		HideSolutionNode = FALSE
	EndGlobalSection
	GlobalSection(ExtensibilityGlobals) = postSolution
		SolutionGuid = {64E174B3-9C7F-4466-87B1-3EFC427EC544}
	EndGlobalSection
EndGlobal
